
Microsoft Visual Studio Solution File, Format Version 12.00
# Visual Studio 2012
Project("{FAE04EC0-301F-11D3-BF4B-00C04F79EFBC}") = "Upida", "Source\Upida\Upida.csproj", "{4B226445-4CBE-4815-A369-D27C258502F5}"
EndProject
Project("{FAE04EC0-301F-11D3-BF4B-00C04F79EFBC}") = "MyClients", "Examples\MyClients\MyClients.csproj", "{AF865872-4CCB-4C40-BCB1-2C164ECD8191}"
EndProject
Project("{FAE04EC0-301F-11D3-BF4B-00C04F79EFBC}") = "Test.MyClients", "Test\Test.MyClients\Test.MyClients.csproj", "{7FF8524A-052E-4C5B-B22A-75E2E4142B4E}"
EndProject
Project("{2150E333-8FDC-42A3-9474-1A3956D46DE8}") = "Test", "Test", "{188642CE-F71D-44F5-A0F0-4860D636E693}"
EndProject
Project("{2150E333-8FDC-42A3-9474-1A3956D46DE8}") = "Examples", "Examples", "{26EE0F17-7E1C-467B-9661-79D4BF18C428}"
EndProject
Project("{2150E333-8FDC-42A3-9474-1A3956D46DE8}") = "Source", "Source", "{C95C78A0-0174-47DF-8892-CAE547721F3A}"
EndProject
Global
	GlobalSection(SolutionConfigurationPlatforms) = preSolution
		Debug|Any CPU = Debug|Any CPU
		Release|Any CPU = Release|Any CPU
	EndGlobalSection
	GlobalSection(ProjectConfigurationPlatforms) = postSolution
		{4B226445-4CBE-4815-A369-D27C258502F5}.Debug|Any CPU.ActiveCfg = Debug|Any CPU
		{4B226445-4CBE-4815-A369-D27C258502F5}.Debug|Any CPU.Build.0 = Debug|Any CPU
		{4B226445-4CBE-4815-A369-D27C258502F5}.Release|Any CPU.ActiveCfg = Release|Any CPU
		{4B226445-4CBE-4815-A369-D27C258502F5}.Release|Any CPU.Build.0 = Release|Any CPU
		{AF865872-4CCB-4C40-BCB1-2C164ECD8191}.Debug|Any CPU.ActiveCfg = Debug|Any CPU
		{AF865872-4CCB-4C40-BCB1-2C164ECD8191}.Debug|Any CPU.Build.0 = Debug|Any CPU
		{AF865872-4CCB-4C40-BCB1-2C164ECD8191}.Release|Any CPU.ActiveCfg = Release|Any CPU
		{AF865872-4CCB-4C40-BCB1-2C164ECD8191}.Release|Any CPU.Build.0 = Release|Any CPU
		{7FF8524A-052E-4C5B-B22A-75E2E4142B4E}.Debug|Any CPU.ActiveCfg = Debug|Any CPU
		{7FF8524A-052E-4C5B-B22A-75E2E4142B4E}.Debug|Any CPU.Build.0 = Debug|Any CPU
		{7FF8524A-052E-4C5B-B22A-75E2E4142B4E}.Release|Any CPU.ActiveCfg = Release|Any CPU
		{7FF8524A-052E-4C5B-B22A-75E2E4142B4E}.Release|Any CPU.Build.0 = Release|Any CPU
	EndGlobalSection
	GlobalSection(SolutionProperties) = preSolution
		HideSolutionNode = FALSE
	EndGlobalSection
	GlobalSection(NestedProjects) = preSolution
		{4B226445-4CBE-4815-A369-D27C258502F5} = {C95C78A0-0174-47DF-8892-CAE547721F3A}
		{AF865872-4CCB-4C40-BCB1-2C164ECD8191} = {26EE0F17-7E1C-467B-9661-79D4BF18C428}
		{7FF8524A-052E-4C5B-B22A-75E2E4142B4E} = {188642CE-F71D-44F5-A0F0-4860D636E693}
	EndGlobalSection
EndGlobal
