
Microsoft Visual Studio Solution File, Format Version 12.00
# Visual Studio 2012
Project("{FAE04EC0-301F-11D3-BF4B-00C04F79EFBC}") = "Upida", "Source\Upida\Upida.csproj", "{4B226445-4CBE-4815-A369-D27C258502F5}"
EndProject
Project("{FAE04EC0-301F-11D3-BF4B-00C04F79EFBC}") = "UpidaExampleKnockout", "Examples\UpidaExampleKnockout\UpidaExampleKnockout.csproj", "{77BB7116-68C7-4820-9334-F7D11D46D55B}"
EndProject
Project("{FAE04EC0-301F-11D3-BF4B-00C04F79EFBC}") = "UpidaExampleAngular", "Examples\UpidaExampleAngular\UpidaExampleAngular.csproj", "{6B6B56A4-AF5A-412D-A38C-AA08D269DB0C}"
EndProject
Project("{FAE04EC0-301F-11D3-BF4B-00C04F79EFBC}") = "MyClients", "Examples\MyClients\MyClients.csproj", "{AF865872-4CCB-4C40-BCB1-2C164ECD8191}"
EndProject
Project("{FAE04EC0-301F-11D3-BF4B-00C04F79EFBC}") = "Test.MyClients", "Test\Test.MyClients\Test.MyClients.csproj", "{7FF8524A-052E-4C5B-B22A-75E2E4142B4E}"
EndProject
Project("{FAE04EC0-301F-11D3-BF4B-00C04F79EFBC}") = "Test.UpidaExampleAngular", "Test\Test.UpidaExampleAngular\Test.UpidaExampleAngular.csproj", "{F8D5D8BA-7478-41BE-9F8F-0CD23EABBFC7}"
EndProject
Project("{2150E333-8FDC-42A3-9474-1A3956D46DE8}") = "Test", "Test", "{188642CE-F71D-44F5-A0F0-4860D636E693}"
EndProject
Project("{2150E333-8FDC-42A3-9474-1A3956D46DE8}") = "Examples", "Examples", "{26EE0F17-7E1C-467B-9661-79D4BF18C428}"
EndProject
Project("{2150E333-8FDC-42A3-9474-1A3956D46DE8}") = "Source", "Source", "{C95C78A0-0174-47DF-8892-CAE547721F3A}"
EndProject
Project("{FAE04EC0-301F-11D3-BF4B-00C04F79EFBC}") = "Test.UpidaExampleKnockout", "Test\Test.UpidaExampleKnockout\Test.UpidaExampleKnockout.csproj", "{80332E0B-57CA-48AE-8986-A746DC645DE4}"
EndProject
Project("{FAE04EC0-301F-11D3-BF4B-00C04F79EFBC}") = "UpidaExampleAngularEF", "Examples\UpidaExampleAngularEF\UpidaExampleAngularEF.csproj", "{07F4CA95-82F3-495E-BBF6-BD8AEDA012C0}"
EndProject
Global
	GlobalSection(SolutionConfigurationPlatforms) = preSolution
		Debug|Any CPU = Debug|Any CPU
		Release|Any CPU = Release|Any CPU
	EndGlobalSection
	GlobalSection(ProjectConfigurationPlatforms) = postSolution
		{4B226445-4CBE-4815-A369-D27C258502F5}.Debug|Any CPU.ActiveCfg = Debug|Any CPU
		{4B226445-4CBE-4815-A369-D27C258502F5}.Debug|Any CPU.Build.0 = Debug|Any CPU
		{4B226445-4CBE-4815-A369-D27C258502F5}.Release|Any CPU.ActiveCfg = Release|Any CPU
		{4B226445-4CBE-4815-A369-D27C258502F5}.Release|Any CPU.Build.0 = Release|Any CPU
		{77BB7116-68C7-4820-9334-F7D11D46D55B}.Debug|Any CPU.ActiveCfg = Debug|Any CPU
		{77BB7116-68C7-4820-9334-F7D11D46D55B}.Debug|Any CPU.Build.0 = Debug|Any CPU
		{77BB7116-68C7-4820-9334-F7D11D46D55B}.Release|Any CPU.ActiveCfg = Release|Any CPU
		{77BB7116-68C7-4820-9334-F7D11D46D55B}.Release|Any CPU.Build.0 = Release|Any CPU
		{6B6B56A4-AF5A-412D-A38C-AA08D269DB0C}.Debug|Any CPU.ActiveCfg = Debug|Any CPU
		{6B6B56A4-AF5A-412D-A38C-AA08D269DB0C}.Debug|Any CPU.Build.0 = Debug|Any CPU
		{6B6B56A4-AF5A-412D-A38C-AA08D269DB0C}.Release|Any CPU.ActiveCfg = Release|Any CPU
		{6B6B56A4-AF5A-412D-A38C-AA08D269DB0C}.Release|Any CPU.Build.0 = Release|Any CPU
		{AF865872-4CCB-4C40-BCB1-2C164ECD8191}.Debug|Any CPU.ActiveCfg = Debug|Any CPU
		{AF865872-4CCB-4C40-BCB1-2C164ECD8191}.Debug|Any CPU.Build.0 = Debug|Any CPU
		{AF865872-4CCB-4C40-BCB1-2C164ECD8191}.Release|Any CPU.ActiveCfg = Release|Any CPU
		{AF865872-4CCB-4C40-BCB1-2C164ECD8191}.Release|Any CPU.Build.0 = Release|Any CPU
		{7FF8524A-052E-4C5B-B22A-75E2E4142B4E}.Debug|Any CPU.ActiveCfg = Debug|Any CPU
		{7FF8524A-052E-4C5B-B22A-75E2E4142B4E}.Debug|Any CPU.Build.0 = Debug|Any CPU
		{7FF8524A-052E-4C5B-B22A-75E2E4142B4E}.Release|Any CPU.ActiveCfg = Release|Any CPU
		{7FF8524A-052E-4C5B-B22A-75E2E4142B4E}.Release|Any CPU.Build.0 = Release|Any CPU
		{F8D5D8BA-7478-41BE-9F8F-0CD23EABBFC7}.Debug|Any CPU.ActiveCfg = Debug|Any CPU
		{F8D5D8BA-7478-41BE-9F8F-0CD23EABBFC7}.Debug|Any CPU.Build.0 = Debug|Any CPU
		{F8D5D8BA-7478-41BE-9F8F-0CD23EABBFC7}.Release|Any CPU.ActiveCfg = Release|Any CPU
		{F8D5D8BA-7478-41BE-9F8F-0CD23EABBFC7}.Release|Any CPU.Build.0 = Release|Any CPU
		{80332E0B-57CA-48AE-8986-A746DC645DE4}.Debug|Any CPU.ActiveCfg = Debug|Any CPU
		{80332E0B-57CA-48AE-8986-A746DC645DE4}.Debug|Any CPU.Build.0 = Debug|Any CPU
		{80332E0B-57CA-48AE-8986-A746DC645DE4}.Release|Any CPU.ActiveCfg = Release|Any CPU
		{80332E0B-57CA-48AE-8986-A746DC645DE4}.Release|Any CPU.Build.0 = Release|Any CPU
		{07F4CA95-82F3-495E-BBF6-BD8AEDA012C0}.Debug|Any CPU.ActiveCfg = Debug|Any CPU
		{07F4CA95-82F3-495E-BBF6-BD8AEDA012C0}.Debug|Any CPU.Build.0 = Debug|Any CPU
		{07F4CA95-82F3-495E-BBF6-BD8AEDA012C0}.Release|Any CPU.ActiveCfg = Release|Any CPU
		{07F4CA95-82F3-495E-BBF6-BD8AEDA012C0}.Release|Any CPU.Build.0 = Release|Any CPU
	EndGlobalSection
	GlobalSection(SolutionProperties) = preSolution
		HideSolutionNode = FALSE
	EndGlobalSection
	GlobalSection(NestedProjects) = preSolution
		{4B226445-4CBE-4815-A369-D27C258502F5} = {C95C78A0-0174-47DF-8892-CAE547721F3A}
		{6B6B56A4-AF5A-412D-A38C-AA08D269DB0C} = {26EE0F17-7E1C-467B-9661-79D4BF18C428}
		{AF865872-4CCB-4C40-BCB1-2C164ECD8191} = {26EE0F17-7E1C-467B-9661-79D4BF18C428}
		{77BB7116-68C7-4820-9334-F7D11D46D55B} = {26EE0F17-7E1C-467B-9661-79D4BF18C428}
		{07F4CA95-82F3-495E-BBF6-BD8AEDA012C0} = {26EE0F17-7E1C-467B-9661-79D4BF18C428}
		{F8D5D8BA-7478-41BE-9F8F-0CD23EABBFC7} = {188642CE-F71D-44F5-A0F0-4860D636E693}
		{7FF8524A-052E-4C5B-B22A-75E2E4142B4E} = {188642CE-F71D-44F5-A0F0-4860D636E693}
		{80332E0B-57CA-48AE-8986-A746DC645DE4} = {188642CE-F71D-44F5-A0F0-4860D636E693}
	EndGlobalSection
EndGlobal
